
Microsoft Visual Studio Solution File, Format Version 12.00
# Visual Studio 14
VisualStudioVersion = 14.0.25420.1
MinimumVisualStudioVersion = 10.0.40219.1
Project("{FAE04EC0-301F-11D3-BF4B-00C04F79EFBC}") = "Fibonacci_Prime", "Fibonacci_Prime\Fibonacci_Prime.csproj", "{8F0B3859-6985-4114-971E-F1CB4BA103E1}"
EndProject
Project("{FAE04EC0-301F-11D3-BF4B-00C04F79EFBC}") = "Prime", "Prime\Prime.csproj", "{ED62ECEC-099B-4D00-AC50-A4323914A1FD}"
EndProject
Project("{FAE04EC0-301F-11D3-BF4B-00C04F79EFBC}") = "RandomNumberGame", "RandomNumberGame\RandomNumberGame.csproj", "{DD79A57A-F184-476E-ACCB-0E4C4D600530}"
EndProject
Project("{FAE04EC0-301F-11D3-BF4B-00C04F79EFBC}") = "FizzBizz", "FizzBizz\FizzBizz.csproj", "{00827012-853A-4A79-9BC2-2C5E8B2E06FA}"
EndProject
Global
	GlobalSection(SolutionConfigurationPlatforms) = preSolution
		Debug|Any CPU = Debug|Any CPU
		Release|Any CPU = Release|Any CPU
	EndGlobalSection
	GlobalSection(ProjectConfigurationPlatforms) = postSolution
		{8F0B3859-6985-4114-971E-F1CB4BA103E1}.Debug|Any CPU.ActiveCfg = Debug|Any CPU
		{8F0B3859-6985-4114-971E-F1CB4BA103E1}.Debug|Any CPU.Build.0 = Debug|Any CPU
		{8F0B3859-6985-4114-971E-F1CB4BA103E1}.Release|Any CPU.ActiveCfg = Release|Any CPU
		{8F0B3859-6985-4114-971E-F1CB4BA103E1}.Release|Any CPU.Build.0 = Release|Any CPU
		{ED62ECEC-099B-4D00-AC50-A4323914A1FD}.Debug|Any CPU.ActiveCfg = Debug|Any CPU
		{ED62ECEC-099B-4D00-AC50-A4323914A1FD}.Debug|Any CPU.Build.0 = Debug|Any CPU
		{ED62ECEC-099B-4D00-AC50-A4323914A1FD}.Release|Any CPU.ActiveCfg = Release|Any CPU
		{ED62ECEC-099B-4D00-AC50-A4323914A1FD}.Release|Any CPU.Build.0 = Release|Any CPU
		{DD79A57A-F184-476E-ACCB-0E4C4D600530}.Debug|Any CPU.ActiveCfg = Debug|Any CPU
		{DD79A57A-F184-476E-ACCB-0E4C4D600530}.Debug|Any CPU.Build.0 = Debug|Any CPU
		{DD79A57A-F184-476E-ACCB-0E4C4D600530}.Release|Any CPU.ActiveCfg = Release|Any CPU
		{DD79A57A-F184-476E-ACCB-0E4C4D600530}.Release|Any CPU.Build.0 = Release|Any CPU
		{00827012-853A-4A79-9BC2-2C5E8B2E06FA}.Debug|Any CPU.ActiveCfg = Debug|Any CPU
		{00827012-853A-4A79-9BC2-2C5E8B2E06FA}.Debug|Any CPU.Build.0 = Debug|Any CPU
		{00827012-853A-4A79-9BC2-2C5E8B2E06FA}.Release|Any CPU.ActiveCfg = Release|Any CPU
		{00827012-853A-4A79-9BC2-2C5E8B2E06FA}.Release|Any CPU.Build.0 = Release|Any CPU
	EndGlobalSection
	GlobalSection(SolutionProperties) = preSolution
		HideSolutionNode = FALSE
	EndGlobalSection
EndGlobal
